// !$*UTF8*$!
{
	archiveVersion = 1;
	classes = {
	};
	objectVersion = 50;
	objects = {

/* Begin PBXBuildFile section */
		E3E82CAB27A7BFE70035A54B /* memorizeApp.swift in Sources */ = {isa = PBXBuildFile; fileRef = E3E82CAA27A7BFE70035A54B /* memorizeApp.swift */; };
		E3E82CAD27A7BFE70035A54B /* ContentView.swift in Sources */ = {isa = PBXBuildFile; fileRef = E3E82CAC27A7BFE70035A54B /* ContentView.swift */; };
		E3E82CAF27A7BFE90035A54B /* Assets.xcassets in Resources */ = {isa = PBXBuildFile; fileRef = E3E82CAE27A7BFE90035A54B /* Assets.xcassets */; };
		E3E82CB227A7BFE90035A54B /* Preview Assets.xcassets in Resources */ = {isa = PBXBuildFile; fileRef = E3E82CB127A7BFE90035A54B /* Preview Assets.xcassets */; };
		E3E82CBD27A7BFE90035A54B /* memorizeTests.swift in Sources */ = {isa = PBXBuildFile; fileRef = E3E82CBC27A7BFE90035A54B /* memorizeTests.swift */; };
		E3E82CC827A7BFE90035A54B /* memorizeUITests.swift in Sources */ = {isa = PBXBuildFile; fileRef = E3E82CC727A7BFE90035A54B /* memorizeUITests.swift */; };
/* End PBXBuildFile section */

/* Begin PBXContainerItemProxy section */
		E3E82CB927A7BFE90035A54B /* PBXContainerItemProxy */ = {
			isa = PBXContainerItemProxy;
			containerPortal = E3E82C9F27A7BFE70035A54B /* Project object */;
			proxyType = 1;
			remoteGlobalIDString = E3E82CA627A7BFE70035A54B;
			remoteInfo = memorize;
		};
		E3E82CC427A7BFE90035A54B /* PBXContainerItemProxy */ = {
			isa = PBXContainerItemProxy;
			containerPortal = E3E82C9F27A7BFE70035A54B /* Project object */;
			proxyType = 1;
			remoteGlobalIDString = E3E82CA627A7BFE70035A54B;
			remoteInfo = memorize;
		};
/* End PBXContainerItemProxy section */

/* Begin PBXFileReference section */
		E3E82CA727A7BFE70035A54B /* memorize.app */ = {isa = PBXFileReference; explicitFileType = wrapper.application; includeInIndex = 0; path = memorize.app; sourceTree = BUILT_PRODUCTS_DIR; };
		E3E82CAA27A7BFE70035A54B /* memorizeApp.swift */ = {isa = PBXFileReference; lastKnownFileType = sourcecode.swift; path = memorizeApp.swift; sourceTree = "<group>"; };
		E3E82CAC27A7BFE70035A54B /* ContentView.swift */ = {isa = PBXFileReference; lastKnownFileType = sourcecode.swift; path = ContentView.swift; sourceTree = "<group>"; };
		E3E82CAE27A7BFE90035A54B /* Assets.xcassets */ = {isa = PBXFileReference; lastKnownFileType = folder.assetcatalog; path = Assets.xcassets; sourceTree = "<group>"; };
		E3E82CB127A7BFE90035A54B /* Preview Assets.xcassets */ = {isa = PBXFileReference; lastKnownFileType = folder.assetcatalog; path = "Preview Assets.xcassets"; sourceTree = "<group>"; };
		E3E82CB327A7BFE90035A54B /* Info.plist */ = {isa = PBXFileReference; lastKnownFileType = text.plist.xml; path = Info.plist; sourceTree = "<group>"; };
		E3E82CB827A7BFE90035A54B /* memorizeTests.xctest */ = {isa = PBXFileReference; explicitFileType = wrapper.cfbundle; includeInIndex = 0; path = memorizeTests.xctest; sourceTree = BUILT_PRODUCTS_DIR; };
		E3E82CBC27A7BFE90035A54B /* memorizeTests.swift */ = {isa = PBXFileReference; lastKnownFileType = sourcecode.swift; path = memorizeTests.swift; sourceTree = "<group>"; };
		E3E82CBE27A7BFE90035A54B /* Info.plist */ = {isa = PBXFileReference; lastKnownFileType = text.plist.xml; path = Info.plist; sourceTree = "<group>"; };
		E3E82CC327A7BFE90035A54B /* memorizeUITests.xctest */ = {isa = PBXFileReference; explicitFileType = wrapper.cfbundle; includeInIndex = 0; path = memorizeUITests.xctest; sourceTree = BUILT_PRODUCTS_DIR; };
		E3E82CC727A7BFE90035A54B /* memorizeUITests.swift */ = {isa = PBXFileReference; lastKnownFileType = sourcecode.swift; path = memorizeUITests.swift; sourceTree = "<group>"; };
		E3E82CC927A7BFE90035A54B /* Info.plist */ = {isa = PBXFileReference; lastKnownFileType = text.plist.xml; path = Info.plist; sourceTree = "<group>"; };
/* End PBXFileReference section */

/* Begin PBXFrameworksBuildPhase section */
		E3E82CA427A7BFE70035A54B /* Frameworks */ = {
			isa = PBXFrameworksBuildPhase;
			buildActionMask = 2147483647;
			files = (
			);
			runOnlyForDeploymentPostprocessing = 0;
		};
		E3E82CB527A7BFE90035A54B /* Frameworks */ = {
			isa = PBXFrameworksBuildPhase;
			buildActionMask = 2147483647;
			files = (
			);
			runOnlyForDeploymentPostprocessing = 0;
		};
		E3E82CC027A7BFE90035A54B /* Frameworks */ = {
			isa = PBXFrameworksBuildPhase;
			buildActionMask = 2147483647;
			files = (
			);
			runOnlyForDeploymentPostprocessing = 0;
		};
/* End PBXFrameworksBuildPhase section */

/* Begin PBXGroup section */
		E3E82C9E27A7BFE70035A54B = {
			isa = PBXGroup;
			children = (
				E3E82CA927A7BFE70035A54B /* memorize */,
				E3E82CBB27A7BFE90035A54B /* memorizeTests */,
				E3E82CC627A7BFE90035A54B /* memorizeUITests */,
				E3E82CA827A7BFE70035A54B /* Products */,
			);
			sourceTree = "<group>";
		};
		E3E82CA827A7BFE70035A54B /* Products */ = {
			isa = PBXGroup;
			children = (
				E3E82CA727A7BFE70035A54B /* memorize.app */,
				E3E82CB827A7BFE90035A54B /* memorizeTests.xctest */,
				E3E82CC327A7BFE90035A54B /* memorizeUITests.xctest */,
			);
			name = Products;
			sourceTree = "<group>";
		};
		E3E82CA927A7BFE70035A54B /* memorize */ = {
			isa = PBXGroup;
			children = (
				E3E82CAA27A7BFE70035A54B /* memorizeApp.swift */,
				E3E82CAC27A7BFE70035A54B /* ContentView.swift */,
				E3E82CAE27A7BFE90035A54B /* Assets.xcassets */,
				E3E82CB327A7BFE90035A54B /* Info.plist */,
				E3E82CB027A7BFE90035A54B /* Preview Content */,
			);
			path = memorize;
			sourceTree = "<group>";
		};
		E3E82CB027A7BFE90035A54B /* Preview Content */ = {
			isa = PBXGroup;
			children = (
				E3E82CB127A7BFE90035A54B /* Preview Assets.xcassets */,
			);
			path = "Preview Content";
			sourceTree = "<group>";
		};
		E3E82CBB27A7BFE90035A54B /* memorizeTests */ = {
			isa = PBXGroup;
			children = (
				E3E82CBC27A7BFE90035A54B /* memorizeTests.swift */,
				E3E82CBE27A7BFE90035A54B /* Info.plist */,
			);
			path = memorizeTests;
			sourceTree = "<group>";
		};
		E3E82CC627A7BFE90035A54B /* memorizeUITests */ = {
			isa = PBXGroup;
			children = (
				E3E82CC727A7BFE90035A54B /* memorizeUITests.swift */,
				E3E82CC927A7BFE90035A54B /* Info.plist */,
			);
			path = memorizeUITests;
			sourceTree = "<group>";
		};
/* End PBXGroup section */

/* Begin PBXNativeTarget section */
		E3E82CA627A7BFE70035A54B /* memorize */ = {
			isa = PBXNativeTarget;
			buildConfigurationList = E3E82CCC27A7BFE90035A54B /* Build configuration list for PBXNativeTarget "memorize" */;
			buildPhases = (
				E3E82CA327A7BFE70035A54B /* Sources */,
				E3E82CA427A7BFE70035A54B /* Frameworks */,
				E3E82CA527A7BFE70035A54B /* Resources */,
			);
			buildRules = (
			);
			dependencies = (
			);
			name = memorize;
			productName = memorize;
			productReference = E3E82CA727A7BFE70035A54B /* memorize.app */;
			productType = "com.apple.product-type.application";
		};
		E3E82CB727A7BFE90035A54B /* memorizeTests */ = {
			isa = PBXNativeTarget;
			buildConfigurationList = E3E82CCF27A7BFE90035A54B /* Build configuration list for PBXNativeTarget "memorizeTests" */;
			buildPhases = (
				E3E82CB427A7BFE90035A54B /* Sources */,
				E3E82CB527A7BFE90035A54B /* Frameworks */,
				E3E82CB627A7BFE90035A54B /* Resources */,
			);
			buildRules = (
			);
			dependencies = (
				E3E82CBA27A7BFE90035A54B /* PBXTargetDependency */,
			);
			name = memorizeTests;
			productName = memorizeTests;
			productReference = E3E82CB827A7BFE90035A54B /* memorizeTests.xctest */;
			productType = "com.apple.product-type.bundle.unit-test";
		};
		E3E82CC227A7BFE90035A54B /* memorizeUITests */ = {
			isa = PBXNativeTarget;
			buildConfigurationList = E3E82CD227A7BFE90035A54B /* Build configuration list for PBXNativeTarget "memorizeUITests" */;
			buildPhases = (
				E3E82CBF27A7BFE90035A54B /* Sources */,
				E3E82CC027A7BFE90035A54B /* Frameworks */,
				E3E82CC127A7BFE90035A54B /* Resources */,
			);
			buildRules = (
			);
			dependencies = (
				E3E82CC527A7BFE90035A54B /* PBXTargetDependency */,
			);
			name = memorizeUITests;
			productName = memorizeUITests;
			productReference = E3E82CC327A7BFE90035A54B /* memorizeUITests.xctest */;
			productType = "com.apple.product-type.bundle.ui-testing";
		};
/* End PBXNativeTarget section */

/* Begin PBXProject section */
		E3E82C9F27A7BFE70035A54B /* Project object */ = {
			isa = PBXProject;
			attributes = {
				LastSwiftUpdateCheck = 1240;
				LastUpgradeCheck = 1240;
				TargetAttributes = {
					E3E82CA627A7BFE70035A54B = {
						CreatedOnToolsVersion = 12.4;
					};
					E3E82CB727A7BFE90035A54B = {
						CreatedOnToolsVersion = 12.4;
						TestTargetID = E3E82CA627A7BFE70035A54B;
					};
					E3E82CC227A7BFE90035A54B = {
						CreatedOnToolsVersion = 12.4;
						TestTargetID = E3E82CA627A7BFE70035A54B;
					};
				};
			};
			buildConfigurationList = E3E82CA227A7BFE70035A54B /* Build configuration list for PBXProject "memorize" */;
			compatibilityVersion = "Xcode 9.3";
			developmentRegion = en;
			hasScannedForEncodings = 0;
			knownRegions = (
				en,
				Base,
			);
			mainGroup = E3E82C9E27A7BFE70035A54B;
			productRefGroup = E3E82CA827A7BFE70035A54B /* Products */;
			projectDirPath = "";
			projectRoot = "";
			targets = (
				E3E82CA627A7BFE70035A54B /* memorize */,
				E3E82CB727A7BFE90035A54B /* memorizeTests */,
				E3E82CC227A7BFE90035A54B /* memorizeUITests */,
			);
		};
/* End PBXProject section */

/* Begin PBXResourcesBuildPhase section */
		E3E82CA527A7BFE70035A54B /* Resources */ = {
			isa = PBXResourcesBuildPhase;
			buildActionMask = 2147483647;
			files = (
				E3E82CB227A7BFE90035A54B /* Preview Assets.xcassets in Resources */,
				E3E82CAF27A7BFE90035A54B /* Assets.xcassets in Resources */,
			);
			runOnlyForDeploymentPostprocessing = 0;
		};
		E3E82CB627A7BFE90035A54B /* Resources */ = {
			isa = PBXResourcesBuildPhase;
			buildActionMask = 2147483647;
			files = (
			);
			runOnlyForDeploymentPostprocessing = 0;
		};
		E3E82CC127A7BFE90035A54B /* Resources */ = {
			isa = PBXResourcesBuildPhase;
			buildActionMask = 2147483647;
			files = (
			);
			runOnlyForDeploymentPostprocessing = 0;
		};
/* End PBXResourcesBuildPhase section */

/* Begin PBXSourcesBuildPhase section */
		E3E82CA327A7BFE70035A54B /* Sources */ = {
			isa = PBXSourcesBuildPhase;
			buildActionMask = 2147483647;
			files = (
				E3E82CAD27A7BFE70035A54B /* ContentView.swift in Sources */,
				E3E82CAB27A7BFE70035A54B /* memorizeApp.swift in Sources */,
			);
			runOnlyForDeploymentPostprocessing = 0;
		};
		E3E82CB427A7BFE90035A54B /* Sources */ = {
			isa = PBXSourcesBuildPhase;
			buildActionMask = 2147483647;
			files = (
				E3E82CBD27A7BFE90035A54B /* memorizeTests.swift in Sources */,
			);
			runOnlyForDeploymentPostprocessing = 0;
		};
		E3E82CBF27A7BFE90035A54B /* Sources */ = {
			isa = PBXSourcesBuildPhase;
			buildActionMask = 2147483647;
			files = (
				E3E82CC827A7BFE90035A54B /* memorizeUITests.swift in Sources */,
			);
			runOnlyForDeploymentPostprocessing = 0;
		};
/* End PBXSourcesBuildPhase section */

/* Begin PBXTargetDependency section */
		E3E82CBA27A7BFE90035A54B /* PBXTargetDependency */ = {
			isa = PBXTargetDependency;
			target = E3E82CA627A7BFE70035A54B /* memorize */;
			targetProxy = E3E82CB927A7BFE90035A54B /* PBXContainerItemProxy */;
		};
		E3E82CC527A7BFE90035A54B /* PBXTargetDependency */ = {
			isa = PBXTargetDependency;
			target = E3E82CA627A7BFE70035A54B /* memorize */;
			targetProxy = E3E82CC427A7BFE90035A54B /* PBXContainerItemProxy */;
		};
/* End PBXTargetDependency section */

/* Begin XCBuildConfiguration section */
		E3E82CCA27A7BFE90035A54B /* Debug */ = {
			isa = XCBuildConfiguration;
			buildSettings = {
				ALWAYS_SEARCH_USER_PATHS = NO;
				CLANG_ANALYZER_NONNULL = YES;
				CLANG_ANALYZER_NUMBER_OBJECT_CONVERSION = YES_AGGRESSIVE;
				CLANG_CXX_LANGUAGE_STANDARD = "gnu++14";
				CLANG_CXX_LIBRARY = "libc++";
				CLANG_ENABLE_MODULES = YES;
				CLANG_ENABLE_OBJC_ARC = YES;
				CLANG_ENABLE_OBJC_WEAK = YES;
				CLANG_WARN_BLOCK_CAPTURE_AUTORELEASING = YES;
				CLANG_WARN_BOOL_CONVERSION = YES;
				CLANG_WARN_COMMA = YES;
				CLANG_WARN_CONSTANT_CONVERSION = YES;
				CLANG_WARN_DEPRECATED_OBJC_IMPLEMENTATIONS = YES;
				CLANG_WARN_DIRECT_OBJC_ISA_USAGE = YES_ERROR;
				CLANG_WARN_DOCUMENTATION_COMMENTS = YES;
				CLANG_WARN_EMPTY_BODY = YES;
				CLANG_WARN_ENUM_CONVERSION = YES;
				CLANG_WARN_INFINITE_RECURSION = YES;
				CLANG_WARN_INT_CONVERSION = YES;
				CLANG_WARN_NON_LITERAL_NULL_CONVERSION = YES;
				CLANG_WARN_OBJC_IMPLICIT_RETAIN_SELF = YES;
				CLANG_WARN_OBJC_LITERAL_CONVERSION = YES;
				CLANG_WARN_OBJC_ROOT_CLASS = YES_ERROR;
				CLANG_WARN_QUOTED_INCLUDE_IN_FRAMEWORK_HEADER = YES;
				CLANG_WARN_RANGE_LOOP_ANALYSIS = YES;
				CLANG_WARN_STRICT_PROTOTYPES = YES;
				CLANG_WARN_SUSPICIOUS_MOVE = YES;
				CLANG_WARN_UNGUARDED_AVAILABILITY = YES_AGGRESSIVE;
				CLANG_WARN_UNREACHABLE_CODE = YES;
				CLANG_WARN__DUPLICATE_METHOD_MATCH = YES;
				COPY_PHASE_STRIP = NO;
				DEBUG_INFORMATION_FORMAT = dwarf;
				ENABLE_STRICT_OBJC_MSGSEND = YES;
				ENABLE_TESTABILITY = YES;
				GCC_C_LANGUAGE_STANDARD = gnu11;
				GCC_DYNAMIC_NO_PIC = NO;
				GCC_NO_COMMON_BLOCKS = YES;
				GCC_OPTIMIZATION_LEVEL = 0;
				GCC_PREPROCESSOR_DEFINITIONS = (
					"DEBUG=1",
					"$(inherited)",
				);
				GCC_WARN_64_TO_32_BIT_CONVERSION = YES;
				GCC_WARN_ABOUT_RETURN_TYPE = YES_ERROR;
				GCC_WARN_UNDECLARED_SELECTOR = YES;
				GCC_WARN_UNINITIALIZED_AUTOS = YES_AGGRESSIVE;
				GCC_WARN_UNUSED_FUNCTION = YES;
				GCC_WARN_UNUSED_VARIABLE = YES;
				IPHONEOS_DEPLOYMENT_TARGET = 14.4;
				MTL_ENABLE_DEBUG_INFO = INCLUDE_SOURCE;
				MTL_FAST_MATH = YES;
				ONLY_ACTIVE_ARCH = YES;
				SDKROOT = iphoneos;
				SWIFT_ACTIVE_COMPILATION_CONDITIONS = DEBUG;
				SWIFT_OPTIMIZATION_LEVEL = "-Onone";
			};
			name = Debug;
		};
		E3E82CCB27A7BFE90035A54B /* Release */ = {
			isa = XCBuildConfiguration;
			buildSettings = {
				ALWAYS_SEARCH_USER_PATHS = NO;
				CLANG_ANALYZER_NONNULL = YES;
				CLANG_ANALYZER_NUMBER_OBJECT_CONVERSION = YES_AGGRESSIVE;
				CLANG_CXX_LANGUAGE_STANDARD = "gnu++14";
				CLANG_CXX_LIBRARY = "libc++";
				CLANG_ENABLE_MODULES = YES;
				CLANG_ENABLE_OBJC_ARC = YES;
				CLANG_ENABLE_OBJC_WEAK = YES;
				CLANG_WARN_BLOCK_CAPTURE_AUTORELEASING = YES;
				CLANG_WARN_BOOL_CONVERSION = YES;
				CLANG_WARN_COMMA = YES;
				CLANG_WARN_CONSTANT_CONVERSION = YES;
				CLANG_WARN_DEPRECATED_OBJC_IMPLEMENTATIONS = YES;
				CLANG_WARN_DIRECT_OBJC_ISA_USAGE = YES_ERROR;
				CLANG_WARN_DOCUMENTATION_COMMENTS = YES;
				CLANG_WARN_EMPTY_BODY = YES;
				CLANG_WARN_ENUM_CONVERSION = YES;
				CLANG_WARN_INFINITE_RECURSION = YES;
				CLANG_WARN_INT_CONVERSION = YES;
				CLANG_WARN_NON_LITERAL_NULL_CONVERSION = YES;
				CLANG_WARN_OBJC_IMPLICIT_RETAIN_SELF = YES;
				CLANG_WARN_OBJC_LITERAL_CONVERSION = YES;
				CLANG_WARN_OBJC_ROOT_CLASS = YES_ERROR;
				CLANG_WARN_QUOTED_INCLUDE_IN_FRAMEWORK_HEADER = YES;
				CLANG_WARN_RANGE_LOOP_ANALYSIS = YES;
				CLANG_WARN_STRICT_PROTOTYPES = YES;
				CLANG_WARN_SUSPICIOUS_MOVE = YES;
				CLANG_WARN_UNGUARDED_AVAILABILITY = YES_AGGRESSIVE;
				CLANG_WARN_UNREACHABLE_CODE = YES;
				CLANG_WARN__DUPLICATE_METHOD_MATCH = YES;
				COPY_PHASE_STRIP = NO;
				DEBUG_INFORMATION_FORMAT = "dwarf-with-dsym";
				ENABLE_NS_ASSERTIONS = NO;
				ENABLE_STRICT_OBJC_MSGSEND = YES;
				GCC_C_LANGUAGE_STANDARD = gnu11;
				GCC_NO_COMMON_BLOCKS = YES;
				GCC_WARN_64_TO_32_BIT_CONVERSION = YES;
				GCC_WARN_ABOUT_RETURN_TYPE = YES_ERROR;
				GCC_WARN_UNDECLARED_SELECTOR = YES;
				GCC_WARN_UNINITIALIZED_AUTOS = YES_AGGRESSIVE;
				GCC_WARN_UNUSED_FUNCTION = YES;
				GCC_WARN_UNUSED_VARIABLE = YES;
				IPHONEOS_DEPLOYMENT_TARGET = 14.4;
				MTL_ENABLE_DEBUG_INFO = NO;
				MTL_FAST_MATH = YES;
				SDKROOT = iphoneos;
				SWIFT_COMPILATION_MODE = wholemodule;
				SWIFT_OPTIMIZATION_LEVEL = "-O";
				VALIDATE_PRODUCT = YES;
			};
			name = Release;
		};
		E3E82CCD27A7BFE90035A54B /* Debug */ = {
			isa = XCBuildConfiguration;
			buildSettings = {
				ASSETCATALOG_COMPILER_APPICON_NAME = AppIcon;
				ASSETCATALOG_COMPILER_GLOBAL_ACCENT_COLOR_NAME = AccentColor;
				CODE_SIGN_STYLE = Automatic;
				DEVELOPMENT_ASSET_PATHS = "\"memorize/Preview Content\"";
				ENABLE_PREVIEWS = YES;
				INFOPLIST_FILE = memorize/Info.plist;
				IPHONEOS_DEPLOYMENT_TARGET = 14.0;
				LD_RUNPATH_SEARCH_PATHS = (
					"$(inherited)",
					"@executable_path/Frameworks",
				);
				PRODUCT_BUNDLE_IDENTIFIER = "ali-akturin.memorize";
				PRODUCT_NAME = "$(TARGET_NAME)";
				SWIFT_VERSION = 5.0;
				TARGETED_DEVICE_FAMILY = "1,2";
			};
			name = Debug;
		};
		E3E82CCE27A7BFE90035A54B /* Release */ = {
			isa = XCBuildConfiguration;
			buildSettings = {
				ASSETCATALOG_COMPILER_APPICON_NAME = AppIcon;
				ASSETCATALOG_COMPILER_GLOBAL_ACCENT_COLOR_NAME = AccentColor;
				CODE_SIGN_STYLE = Automatic;
				DEVELOPMENT_ASSET_PATHS = "\"memorize/Preview Content\"";
				ENABLE_PREVIEWS = YES;
				INFOPLIST_FILE = memorize/Info.plist;
				IPHONEOS_DEPLOYMENT_TARGET = 14.0;
				LD_RUNPATH_SEARCH_PATHS = (
					"$(inherited)",
					"@executable_path/Frameworks",
				);
				PRODUCT_BUNDLE_IDENTIFIER = "ali-akturin.memorize";
				PRODUCT_NAME = "$(TARGET_NAME)";
				SWIFT_VERSION = 5.0;
				TARGETED_DEVICE_FAMILY = "1,2";
			};
			name = Release;
		};
		E3E82CD027A7BFE90035A54B /* Debug */ = {
			isa = XCBuildConfiguration;
			buildSettings = {
				ALWAYS_EMBED_SWIFT_STANDARD_LIBRARIES = YES;
				BUNDLE_LOADER = "$(TEST_HOST)";
				CODE_SIGN_STYLE = Automatic;
				INFOPLIST_FILE = memorizeTests/Info.plist;
				IPHONEOS_DEPLOYMENT_TARGET = 14.0;
				LD_RUNPATH_SEARCH_PATHS = (
					"$(inherited)",
					"@executable_path/Frameworks",
					"@loader_path/Frameworks",
				);
				PRODUCT_BUNDLE_IDENTIFIER = "ali-akturin.memorizeTests";
				PRODUCT_NAME = "$(TARGET_NAME)";
				SWIFT_VERSION = 5.0;
				TARGETED_DEVICE_FAMILY = "1,2";
				TEST_HOST = "$(BUILT_PRODUCTS_DIR)/memorize.app/memorize";
			};
			name = Debug;
		};
		E3E82CD127A7BFE90035A54B /* Release */ = {
			isa = XCBuildConfiguration;
			buildSettings = {
				ALWAYS_EMBED_SWIFT_STANDARD_LIBRARIES = YES;
				BUNDLE_LOADER = "$(TEST_HOST)";
				CODE_SIGN_STYLE = Automatic;
				INFOPLIST_FILE = memorizeTests/Info.plist;
				IPHONEOS_DEPLOYMENT_TARGET = 14.0;
				LD_RUNPATH_SEARCH_PATHS = (
					"$(inherited)",
					"@executable_path/Frameworks",
					"@loader_path/Frameworks",
				);
				PRODUCT_BUNDLE_IDENTIFIER = "ali-akturin.memorizeTests";
				PRODUCT_NAME = "$(TARGET_NAME)";
				SWIFT_VERSION = 5.0;
				TARGETED_DEVICE_FAMILY = "1,2";
				TEST_HOST = "$(BUILT_PRODUCTS_DIR)/memorize.app/memorize";
			};
			name = Release;
		};
		E3E82CD327A7BFE90035A54B /* Debug */ = {
			isa = XCBuildConfiguration;
			buildSettings = {
				ALWAYS_EMBED_SWIFT_STANDARD_LIBRARIES = YES;
				CODE_SIGN_STYLE = Automatic;
				INFOPLIST_FILE = memorizeUITests/Info.plist;
				LD_RUNPATH_SEARCH_PATHS = (
					"$(inherited)",
					"@executable_path/Frameworks",
					"@loader_path/Frameworks",
				);
				PRODUCT_BUNDLE_IDENTIFIER = "ali-akturin.memorizeUITests";
				PRODUCT_NAME = "$(TARGET_NAME)";
				SWIFT_VERSION = 5.0;
				TARGETED_DEVICE_FAMILY = "1,2";
				TEST_TARGET_NAME = memorize;
			};
			name = Debug;
		};
		E3E82CD427A7BFE90035A54B /* Release */ = {
			isa = XCBuildConfiguration;
			buildSettings = {
				ALWAYS_EMBED_SWIFT_STANDARD_LIBRARIES = YES;
				CODE_SIGN_STYLE = Automatic;
				INFOPLIST_FILE = memorizeUITests/Info.plist;
				LD_RUNPATH_SEARCH_PATHS = (
					"$(inherited)",
					"@executable_path/Frameworks",
					"@loader_path/Frameworks",
				);
				PRODUCT_BUNDLE_IDENTIFIER = "ali-akturin.memorizeUITests";
				PRODUCT_NAME = "$(TARGET_NAME)";
				SWIFT_VERSION = 5.0;
				TARGETED_DEVICE_FAMILY = "1,2";
				TEST_TARGET_NAME = memorize;
			};
			name = Release;
		};
/* End XCBuildConfiguration section */

/* Begin XCConfigurationList section */
		E3E82CA227A7BFE70035A54B /* Build configuration list for PBXProject "memorize" */ = {
			isa = XCConfigurationList;
			buildConfigurations = (
				E3E82CCA27A7BFE90035A54B /* Debug */,
				E3E82CCB27A7BFE90035A54B /* Release */,
			);
			defaultConfigurationIsVisible = 0;
			defaultConfigurationName = Release;
		};
		E3E82CCC27A7BFE90035A54B /* Build configuration list for PBXNativeTarget "memorize" */ = {
			isa = XCConfigurationList;
			buildConfigurations = (
				E3E82CCD27A7BFE90035A54B /* Debug */,
				E3E82CCE27A7BFE90035A54B /* Release */,
			);
			defaultConfigurationIsVisible = 0;
			defaultConfigurationName = Release;
		};
		E3E82CCF27A7BFE90035A54B /* Build configuration list for PBXNativeTarget "memorizeTests" */ = {
			isa = XCConfigurationList;
			buildConfigurations = (
				E3E82CD027A7BFE90035A54B /* Debug */,
				E3E82CD127A7BFE90035A54B /* Release */,
			);
			defaultConfigurationIsVisible = 0;
			defaultConfigurationName = Release;
		};
		E3E82CD227A7BFE90035A54B /* Build configuration list for PBXNativeTarget "memorizeUITests" */ = {
			isa = XCConfigurationList;
			buildConfigurations = (
				E3E82CD327A7BFE90035A54B /* Debug */,
				E3E82CD427A7BFE90035A54B /* Release */,
			);
			defaultConfigurationIsVisible = 0;
			defaultConfigurationName = Release;
		};
/* End XCConfigurationList section */
	};
	rootObject = E3E82C9F27A7BFE70035A54B /* Project object */;
}
